# THIS IS AN AUTOGENERATED FILE. DO NOT EDIT THIS FILE DIRECTLY.
# yarn lockfile v1


"@babel/runtime@^7.5.5":
  version "7.10.5"
  resolved "https://registry.yarnpkg.com/@babel/runtime/-/runtime-7.10.5.tgz#303d8bd440ecd5a491eae6117fd3367698674c5c"
  integrity sha512-otddXKhdNn7d0ptoFRHtMLa8LqDxLYwTjB4nYgM1yy5N6gU/MUf8zqyyLltCH3yAVitBzmwK4us+DD0l/MauAg==
  dependencies:
    regenerator-runtime "^0.13.4"

"@types/json-schema@^7.0.4":
  version "7.0.5"
  resolved "https://registry.yarnpkg.com/@types/json-schema/-/json-schema-7.0.5.tgz#dcce4430e64b443ba8945f0290fb564ad5bac6dd"
  integrity sha512-7+2BITlgjgDhH0vvwZU/HZJVyk+2XUlvxXe8dFMedNX/aMkaOq++rMAFXc0tM7ij15QaWlbdQASBR9dihi+bDQ==

ajv-keywords@^3.4.1:
  version "3.5.1"
  resolved "https://registry.yarnpkg.com/ajv-keywords/-/ajv-keywords-3.5.1.tgz#b83ca89c5d42d69031f424cad49aada0236c6957"
  integrity sha512-KWcq3xN8fDjSB+IMoh2VaXVhRI0BBGxoYp3rx7Pkb6z0cFjYR9Q9l4yZqqals0/zsioCmocC5H6UvsGD4MoIBA==

ajv@^6.12.2:
  version "6.12.3"
  resolved "https://registry.yarnpkg.com/ajv/-/ajv-6.12.3.tgz#18c5af38a111ddeb4f2697bd78d68abc1cabd706"
  integrity sha512-4K0cK3L1hsqk9xIb2z9vs/XU+PGJZ9PNpJRDS9YLzmNdX6jmVPfamLvTJr0aDAusnHyCHO6MjzlkAsgtqp9teA==
  dependencies:
    fast-deep-equal "^3.1.1"
    fast-json-stable-stringify "^2.0.0"
    json-schema-traverse "^0.4.1"
    uri-js "^4.2.2"

ansi-regex@^4.1.0:
  version "4.1.0"
  resolved "https://registry.yarnpkg.com/ansi-regex/-/ansi-regex-4.1.0.tgz#8b9f8f08cf1acb843756a839ca8c7e3168c51997"
  integrity sha512-1apePfXM1UOSqw0o9IiFAovVz9M5S1Dg+4TrDwfMewQ6p/rmMueb7tWZjQ1rx4Loy1ArBggoqGpfqqdI4rondg==

ansi-styles@^3.2.0, ansi-styles@^3.2.1:
  version "3.2.1"
  resolved "https://registry.yarnpkg.com/ansi-styles/-/ansi-styles-3.2.1.tgz#41fbb20243e50b12be0f04b8dedbf07520ce841d"
  integrity sha512-VT0ZI6kZRdTh8YyJw3SMbYm/u+NqfsAxEpWO0Pf9sq8/e94WxxOpPKx9FR1FlyCtOVDNOQ+8ntlqFxiRc+r5qA==
  dependencies:
    color-convert "^1.9.0"

big.js@^5.2.2:
  version "5.2.2"
  resolved "https://registry.yarnpkg.com/big.js/-/big.js-5.2.2.tgz#65f0af382f578bcdc742bd9c281e9cb2d7768328"
  integrity sha512-vyL2OymJxmarO8gxMr0mhChsO9QGwhynfuu4+MHTAW6czfq9humCB7rKpUjDd9YUiDPU4mzpyupFSvOClAwbmQ==

camelcase@^5.0.0, camelcase@^5.3.1:
  version "5.3.1"
  resolved "https://registry.yarnpkg.com/camelcase/-/camelcase-5.3.1.tgz#e3c9b31569e106811df242f715725a1f4c494320"
  integrity sha512-L28STB170nwWS63UjtlEOE3dldQApaJXZkOI1uMFfzf3rRuPegHaHesyee+YxQ+W6SvRDQV6UrdOdRiR153wJg==

chalk@^2.4.2:
  version "2.4.2"
  resolved "https://registry.yarnpkg.com/chalk/-/chalk-2.4.2.tgz#cd42541677a54333cf541a49108c1432b44c9424"
  integrity sha512-Mti+f9lpJNcwF4tWV8/OrTTtF1gZi+f8FqlyAdouralcFWFQWF2+NgCHShjkCb+IFBLq9buZwE1xckQU4peSuQ==
  dependencies:
    ansi-styles "^3.2.1"
    escape-string-regexp "^1.0.5"
    supports-color "^5.3.0"

classnames@^2.2.5:
  version "2.2.6"
  resolved "https://registry.yarnpkg.com/classnames/-/classnames-2.2.6.tgz#43935bffdd291f326dad0a205309b38d00f650ce"
  integrity sha512-JR/iSQOSt+LQIWwrwEzJ9uk0xfN3mTVYMwt1Ir5mUcSN6pU+V4zQFFaJsclJbPuAUQH+yfWef6tm7l1quW3C8Q==

cliui@^5.0.0:
  version "5.0.0"
  resolved "https://registry.yarnpkg.com/cliui/-/cliui-5.0.0.tgz#deefcfdb2e800784aa34f46fa08e06851c7bbbc5"
  integrity sha512-PYeGSEmmHM6zvoef2w8TPzlrnNpXIjTipYK780YswmIP9vjxmd6Y2a3CB2Ks6/AU8NHjZugXvo8w3oWM2qnwXA==
  dependencies:
    string-width "^3.1.0"
    strip-ansi "^5.2.0"
    wrap-ansi "^5.1.0"

color-convert@^1.9.0:
  version "1.9.3"
  resolved "https://registry.yarnpkg.com/color-convert/-/color-convert-1.9.3.tgz#bb71850690e1f136567de629d2d5471deda4c1e8"
  integrity sha512-QfAUtd+vFdAtFQcC8CCyYt1fYWxSqAiK2cSD6zDB8N3cpsEBAvRxp9zOGg6G/SHHJYAT88/az/IuDGALsNVbGg==
  dependencies:
    color-name "1.1.3"

color-name@1.1.3:
  version "1.1.3"
  resolved "https://registry.yarnpkg.com/color-name/-/color-name-1.1.3.tgz#a7d0558bd89c42f795dd42328f740831ca53bc25"
  integrity sha1-p9BVi9icQveV3UIyj3QIMcpTvCU=

concurrently@^5.2.0:
  version "5.2.0"
  resolved "https://registry.yarnpkg.com/concurrently/-/concurrently-5.2.0.tgz#ead55121d08a0fc817085584c123cedec2e08975"
  integrity sha512-XxcDbQ4/43d6CxR7+iV8IZXhur4KbmEJk1CetVMUqCy34z9l0DkszbY+/9wvmSnToTej0SYomc2WSRH+L0zVJw==
  dependencies:
    chalk "^2.4.2"
    date-fns "^2.0.1"
    lodash "^4.17.15"
    read-pkg "^4.0.1"
    rxjs "^6.5.2"
    spawn-command "^0.0.2-1"
    supports-color "^6.1.0"
    tree-kill "^1.2.2"
    yargs "^13.3.0"

css-loader@^3.6.0:
  version "3.6.0"
  resolved "https://registry.yarnpkg.com/css-loader/-/css-loader-3.6.0.tgz#2e4b2c7e6e2d27f8c8f28f61bffcd2e6c91ef645"
  integrity sha512-M5lSukoWi1If8dhQAUCvj4H8vUt3vOnwbQBH9DdTm/s4Ym2B/3dPMtYZeJmq7Q3S3Pa+I94DcZ7pc9bP14cWIQ==
  dependencies:
    camelcase "^5.3.1"
    cssesc "^3.0.0"
    icss-utils "^4.1.1"
    loader-utils "^1.2.3"
    normalize-path "^3.0.0"
    postcss "^7.0.32"
    postcss-modules-extract-imports "^2.0.0"
    postcss-modules-local-by-default "^3.0.2"
    postcss-modules-scope "^2.2.0"
    postcss-modules-values "^3.0.0"
    postcss-value-parser "^4.1.0"
    schema-utils "^2.7.0"
    semver "^6.3.0"

cssesc@^3.0.0:
  version "3.0.0"
  resolved "https://registry.yarnpkg.com/cssesc/-/cssesc-3.0.0.tgz#37741919903b868565e1c09ea747445cd18983ee"
  integrity sha512-/Tb/JcjK111nNScGob5MNtsntNM1aCNUDipB/TkwZFhyDrrE47SOx/18wF2bbjgc3ZzCSKW1T5nt5EbFoAz/Vg==

date-fns@^2.0.1:
  version "2.14.0"
  resolved "https://registry.yarnpkg.com/date-fns/-/date-fns-2.14.0.tgz#359a87a265bb34ef2e38f93ecf63ac453f9bc7ba"
  integrity sha512-1zD+68jhFgDIM0rF05rcwYO8cExdNqxjq4xP1QKM60Q45mnO6zaMWB4tOzrIr4M4GSLntsKeE4c9Bdl2jhL/yw==

decamelize@^1.2.0:
  version "1.2.0"
  resolved "https://registry.yarnpkg.com/decamelize/-/decamelize-1.2.0.tgz#f6534d15148269b20352e7bee26f501f9a191290"
  integrity sha1-9lNNFRSCabIDUue+4m9QH5oZEpA=

deep-freeze@0.0.1:
  version "0.0.1"
  resolved "https://registry.yarnpkg.com/deep-freeze/-/deep-freeze-0.0.1.tgz#3a0b0005de18672819dfd38cd31f91179c893e84"
  integrity sha1-OgsABd4YZygZ39OM0x+RF5yJPoQ=

deepmerge@^2.2.1:
  version "2.2.1"
  resolved "https://registry.yarnpkg.com/deepmerge/-/deepmerge-2.2.1.tgz#5d3ff22a01c00f645405a2fbc17d0778a1801170"
  integrity sha512-R9hc1Xa/NOBi9WRVUWg19rl1UB7Tt4kuPd+thNJgFZoxXsTz7ncaPaeIm+40oSGuP33DfMb4sZt1QIGiJzC4EA==

dotenv@^8.2.0:
  version "8.2.0"
  resolved "https://registry.yarnpkg.com/dotenv/-/dotenv-8.2.0.tgz#97e619259ada750eea3e4ea3e26bceea5424b16a"
  integrity sha512-8sJ78ElpbDJBHNeBzUbUVLsqKdccaa/BXF1uPTw3GrvQTBgrQrtObr2mUrE38vzYd8cEv+m/JBfDLioYcfXoaw==

emoji-regex@^6.4.1:
  version "6.5.1"
  resolved "https://registry.yarnpkg.com/emoji-regex/-/emoji-regex-6.5.1.tgz#9baea929b155565c11ea41c6626eaa65cef992c2"
  integrity sha512-PAHp6TxrCy7MGMFidro8uikr+zlJJKJ/Q6mm2ExZ7HwkyR9lSVFfE3kt36qcwa24BQL7y0G9axycGjK1A/0uNQ==

emoji-regex@^7.0.1:
  version "7.0.3"
  resolved "https://registry.yarnpkg.com/emoji-regex/-/emoji-regex-7.0.3.tgz#933a04052860c85e83c122479c4748a8e4c72156"
  integrity sha512-CwBLREIQ7LvYFB0WyRvwhq5N5qPhc6PMjD6bYggFlI5YyDgl+0vxq5VHbMOFqLg7hfWzmu8T5Z1QofhmTIhItA==

emojis-list@^3.0.0:
  version "3.0.0"
  resolved "https://registry.yarnpkg.com/emojis-list/-/emojis-list-3.0.0.tgz#5570662046ad29e2e916e71aae260abdff4f6a78"
  integrity sha512-/kyM18EfinwXZbno9FyUGeFh87KC8HRQBQGildHZbEuRyWFOmv1U10o9BBp8XVZDVNNuQKyIGIu5ZYAAXJ0V2Q==

equals@^1.0.5:
  version "1.0.5"
  resolved "https://registry.yarnpkg.com/equals/-/equals-1.0.5.tgz#212062dde5e1a510d955f13598efcc6a621b6ace"
  integrity sha1-ISBi3eXhpRDZVfE1mO/MamIbas4=
  dependencies:
    jkroso-type "1"

error-ex@^1.3.1:
  version "1.3.2"
  resolved "https://registry.yarnpkg.com/error-ex/-/error-ex-1.3.2.tgz#b4ac40648107fdcdcfae242f428bea8a14d4f1bf"
  integrity sha512-7dFHNmqeFSEt2ZBsCriorKnn3Z2pj+fd9kmI6QoWw4//DL+icEBfc0U7qJCisqrTsKTjw4fNFy2pW9OqStD84g==
  dependencies:
    is-arrayish "^0.2.1"

escape-string-regexp@^1.0.5:
  version "1.0.5"
  resolved "https://registry.yarnpkg.com/escape-string-regexp/-/escape-string-regexp-1.0.5.tgz#1b61c0562190a8dff6ae3bb2cf0200ca130b86d4"
  integrity sha1-G2HAViGQqN/2rjuyzwIAyhMLhtQ=

fast-deep-equal@^3.1.1:
  version "3.1.3"
  resolved "https://registry.yarnpkg.com/fast-deep-equal/-/fast-deep-equal-3.1.3.tgz#3a7d56b559d6cbc3eb512325244e619a65c6c525"
  integrity sha512-f3qQ9oQy9j2AhBe/H9VC91wLmKBCCU/gDOnKNAYG5hswO7BLKj09Hc5HYNz9cGI++xlpDCIgDaitVs03ATR84Q==

fast-json-stable-stringify@^2.0.0:
  version "2.1.0"
  resolved "https://registry.yarnpkg.com/fast-json-stable-stringify/-/fast-json-stable-stringify-2.1.0.tgz#874bf69c6f404c2b5d99c481341399fd55892633"
  integrity sha512-lhd/wF+Lk98HZoTCtlVraHtfh5XYijIjalXck7saUtuanSDyLMxnHhSXEDJqHxD7msR8D0uCmqlkwjCV8xvwHw==

find-up@^3.0.0:
  version "3.0.0"
  resolved "https://registry.yarnpkg.com/find-up/-/find-up-3.0.0.tgz#49169f1d7993430646da61ecc5ae355c21c97b73"
  integrity sha512-1yD6RmLI1XBfxugvORwlck6f75tYL+iR0jqwsOrOxMZyGYqUuDhJ0l4AXdO1iX/FTs9cBAMEk1gWSEx1kSbylg==
  dependencies:
    locate-path "^3.0.0"

get-caller-file@^2.0.1:
  version "2.0.5"
  resolved "https://registry.yarnpkg.com/get-caller-file/-/get-caller-file-2.0.5.tgz#4f94412a82db32f36e3b0b9741f8a97feb031f7e"
  integrity sha512-DyFP3BM/3YHTQOCUL/w0OZHR0lpKeGrxotcHWcqNEdnltqFwXVfhEBQ94eIo34AfQpo0rGki4cyIiftY06h2Fg==

has-flag@^3.0.0:
  version "3.0.0"
  resolved "https://registry.yarnpkg.com/has-flag/-/has-flag-3.0.0.tgz#b5d454dc2199ae225699f3467e5a07f3b955bafd"
  integrity sha1-tdRU3CGZriJWmfNGfloH87lVuv0=

hosted-git-info@^2.1.4:
  version "2.8.8"
  resolved "https://registry.yarnpkg.com/hosted-git-info/-/hosted-git-info-2.8.8.tgz#7539bd4bc1e0e0a895815a2e0262420b12858488"
  integrity sha512-f/wzC2QaWBs7t9IYqB4T3sR1xviIViXJRJTWBlx2Gf3g0Xi5vI7Yy4koXQ1c9OYDGHN9sBy1DQ2AB8fqZBWhUg==

icss-utils@^4.0.0, icss-utils@^4.1.1:
  version "4.1.1"
  resolved "https://registry.yarnpkg.com/icss-utils/-/icss-utils-4.1.1.tgz#21170b53789ee27447c2f47dd683081403f9a467"
  integrity sha512-4aFq7wvWyMHKgxsH8QQtGpvbASCf+eM3wPRLI6R+MgAnTCZ6STYsRvttLvRWK0Nfif5piF394St3HeJDaljGPA==
  dependencies:
    postcss "^7.0.14"

indexes-of@^1.0.1:
  version "1.0.1"
  resolved "https://registry.yarnpkg.com/indexes-of/-/indexes-of-1.0.1.tgz#f30f716c8e2bd346c7b67d3df3915566a7c05607"
  integrity sha1-8w9xbI4r00bHtn0985FVZqfAVgc=

invariant@^2.2.1:
  version "2.2.4"
  resolved "https://registry.yarnpkg.com/invariant/-/invariant-2.2.4.tgz#610f3c92c9359ce1db616e538008d23ff35158e6"
  integrity sha512-phJfQVBuaJM5raOpJjSfkiD6BpbCE4Ns//LaXl6wGYtUBY83nWS6Rf9tXm2e8VaK60JEjYldbPif/A2B1C2gNA==
  dependencies:
    loose-envify "^1.0.0"

is-arrayish@^0.2.1:
  version "0.2.1"
  resolved "https://registry.yarnpkg.com/is-arrayish/-/is-arrayish-0.2.1.tgz#77c99840527aa8ecb1a8ba697b80645a7a926a9d"
  integrity sha1-d8mYQFJ6qOyxqLppe4BkWnqSap0=

is-fullwidth-code-point@^2.0.0:
  version "2.0.0"
  resolved "https://registry.yarnpkg.com/is-fullwidth-code-point/-/is-fullwidth-code-point-2.0.0.tgz#a3b30a5c4f199183167aaab93beefae3ddfb654f"
  integrity sha1-o7MKXE8ZkYMWeqq5O+764937ZU8=

jkroso-type@1:
  version "1.1.1"
  resolved "https://registry.yarnpkg.com/jkroso-type/-/jkroso-type-1.1.1.tgz#bc4ced6d6c45fe0745282bafc86a9f8c4fc9ce61"
  integrity sha1-vEztbWxF/gdFKCuvyGqfjE/JzmE=

"js-tokens@^3.0.0 || ^4.0.0":
  version "4.0.0"
  resolved "https://registry.yarnpkg.com/js-tokens/-/js-tokens-4.0.0.tgz#19203fb59991df98e3a287050d4647cdeaf32499"
  integrity sha512-RdJUflcE3cUzKiMqQgsCu06FPu9UdIJO0beYbPhHN4k6apgJtifcoCtT9bcxOpYBtpD2kCM6Sbzg4CausW/PKQ==

json-parse-better-errors@^1.0.1:
  version "1.0.2"
  resolved "https://registry.yarnpkg.com/json-parse-better-errors/-/json-parse-better-errors-1.0.2.tgz#bb867cfb3450e69107c131d1c514bab3dc8bcaa9"
  integrity sha512-mrqyZKfX5EhL7hvqcV6WG1yYjnjeuYDzDhhcAAUrq8Po85NBQBJP+ZDUT75qZQ98IkUoBqdkExkukOU7Ts2wrw==

json-schema-traverse@^0.4.1:
  version "0.4.1"
  resolved "https://registry.yarnpkg.com/json-schema-traverse/-/json-schema-traverse-0.4.1.tgz#69f6a87d9513ab8bb8fe63bdb0979c448e684660"
  integrity sha512-xbbCH5dCYU5T8LcEhhuh7HJ88HXuW3qsI3Y0zOZFKfZEHcpWiHU/Jxzk629Brsab/mMiHQti9wMP+845RPe3Vg==

json5@^1.0.1:
  version "1.0.1"
  resolved "https://registry.yarnpkg.com/json5/-/json5-1.0.1.tgz#779fb0018604fa854eacbf6252180d83543e3dbe"
  integrity sha512-aKS4WQjPenRxiQsC93MNfjx+nbF4PAdYzmd/1JIj8HYzqfbu86beTuNgXDzPknWk0n0uARlyewZo4s++ES36Ow==
  dependencies:
    minimist "^1.2.0"

loader-utils@^1.2.3:
  version "1.4.0"
  resolved "https://registry.yarnpkg.com/loader-utils/-/loader-utils-1.4.0.tgz#c579b5e34cb34b1a74edc6c1fb36bfa371d5a613"
  integrity sha512-qH0WSMBtn/oHuwjy/NucEgbx5dbxxnxup9s4PVXJUDHZBQY+s0NWA9rJf53RBnQZxfch7euUui7hpoAPvALZdA==
  dependencies:
    big.js "^5.2.2"
    emojis-list "^3.0.0"
    json5 "^1.0.1"

locate-path@^3.0.0:
  version "3.0.0"
  resolved "https://registry.yarnpkg.com/locate-path/-/locate-path-3.0.0.tgz#dbec3b3ab759758071b58fe59fc41871af21400e"
  integrity sha512-7AO748wWnIhNqAuaty2ZWHkQHRSNfPVIsPIfwEOWO22AmaoVrWavlOcMR5nzTLNYvp36X220/maaRsrec1G65A==
  dependencies:
    p-locate "^3.0.0"
    path-exists "^3.0.0"

lodash.flatten@^4.2.0, lodash.flatten@^4.4.0:
  version "4.4.0"
  resolved "https://registry.yarnpkg.com/lodash.flatten/-/lodash.flatten-4.4.0.tgz#f31c22225a9632d2bbf8e4addbef240aa765a61f"
  integrity sha1-8xwiIlqWMtK7+OSt2+8kCqdlph8=

lodash.isstring@^4.0.1:
  version "4.0.1"
  resolved "https://registry.yarnpkg.com/lodash.isstring/-/lodash.isstring-4.0.1.tgz#d527dfb5456eca7cc9bb95d5daeaf88ba54a5451"
  integrity sha1-1SfftUVuynzJu5XV2ur4i6VKVFE=

lodash@^4.17.15:
  version "4.17.19"
  resolved "https://registry.yarnpkg.com/lodash/-/lodash-4.17.19.tgz#e48ddedbe30b3321783c5b4301fbd353bc1e4a4b"
  integrity sha512-JNvd8XER9GQX0v2qJgsaN/mzFCNA5BRe/j8JN9d+tWyGLSodKQHKFicdwNYzWwI3wjRnaKPsGj1XkBjx/F96DQ==

loose-envify@^1.0.0, loose-envify@^1.4.0:
  version "1.4.0"
  resolved "https://registry.yarnpkg.com/loose-envify/-/loose-envify-1.4.0.tgz#71ee51fa7be4caec1a63839f7e682d8132d30caf"
  integrity sha512-lyuxPGr/Wfhrlem2CL/UcnUc1zcqKAImBDzukY7Y5F/yQiNdko6+fRLevlw1HgMySw7f611UIY408EtxRSoK3Q==
  dependencies:
    js-tokens "^3.0.0 || ^4.0.0"

minimist@^1.2.0:
  version "1.2.5"
  resolved "https://registry.yarnpkg.com/minimist/-/minimist-1.2.5.tgz#67d66014b66a6a8aaa0c083c5fd58df4e4e97602"
  integrity sha512-FM9nNUYrRBAELZQT3xeZQ7fmMOBg6nWNmJKTcgsJeaLstP/UODVpGsr5OhXhhXg6f+qtJ8uiZ+PUxkDWcgIXLw==

normalize-package-data@^2.3.2:
  version "2.5.0"
  resolved "https://registry.yarnpkg.com/normalize-package-data/-/normalize-package-data-2.5.0.tgz#e66db1838b200c1dfc233225d12cb36520e234a8"
  integrity sha512-/5CMN3T0R4XTj4DcGaexo+roZSdSFW/0AOOTROrjxzCG1wrWXEsGbRKevjlIL+ZDE4sZlJr5ED4YW0yqmkK+eA==
  dependencies:
    hosted-git-info "^2.1.4"
    resolve "^1.10.0"
    semver "2 || 3 || 4 || 5"
    validate-npm-package-license "^3.0.1"

normalize-path@^3.0.0:
  version "3.0.0"
  resolved "https://registry.yarnpkg.com/normalize-path/-/normalize-path-3.0.0.tgz#0dcd69ff23a1c9b11fd0978316644a0388216a65"
  integrity sha512-6eZs5Ls3WtCisHWp9S2GUy8dqkpGi4BVSz3GaqiE6ezub0512ESztXUwUB6C6IKbQkY2Pnb/mD4WYojCRwcwLA==

object-assign@^4.1.1:
  version "4.1.1"
  resolved "https://registry.yarnpkg.com/object-assign/-/object-assign-4.1.1.tgz#2109adc7965887cfc05cbbd442cac8bfbb360863"
  integrity sha1-IQmtx5ZYh8/AXLvUQsrIv7s2CGM=

p-limit@^2.0.0:
  version "2.3.0"
  resolved "https://registry.yarnpkg.com/p-limit/-/p-limit-2.3.0.tgz#3dd33c647a214fdfffd835933eb086da0dc21db1"
  integrity sha512-//88mFWSJx8lxCzwdAABTJL2MyWB12+eIY7MDL2SqLmAkeKU9qxRvWuSyTjm3FUmpBEMuFfckAIqEaVGUDxb6w==
  dependencies:
    p-try "^2.0.0"

p-locate@^3.0.0:
  version "3.0.0"
  resolved "https://registry.yarnpkg.com/p-locate/-/p-locate-3.0.0.tgz#322d69a05c0264b25997d9f40cd8a891ab0064a4"
  integrity sha512-x+12w/To+4GFfgJhBEpiDcLozRJGegY+Ei7/z0tSLkMmxGZNybVMSfWj9aJn8Z5Fc7dBUNJOOVgPv2H7IwulSQ==
  dependencies:
    p-limit "^2.0.0"

p-try@^2.0.0:
  version "2.2.0"
  resolved "https://registry.yarnpkg.com/p-try/-/p-try-2.2.0.tgz#cb2868540e313d61de58fafbe35ce9004d5540e6"
  integrity sha512-R4nPAVTAU0B9D35/Gk3uJf/7XYbQcyohSKdvAxIRSNghFl4e71hVoGnBNQz9cWaXxO2I10KTC+3jMdvvoKw6dQ==

parse-json@^4.0.0:
  version "4.0.0"
  resolved "https://registry.yarnpkg.com/parse-json/-/parse-json-4.0.0.tgz#be35f5425be1f7f6c747184f98a788cb99477ee0"
  integrity sha1-vjX1Qlvh9/bHRxhPmKeIy5lHfuA=
  dependencies:
    error-ex "^1.3.1"
    json-parse-better-errors "^1.0.1"

path-exists@^3.0.0:
  version "3.0.0"
  resolved "https://registry.yarnpkg.com/path-exists/-/path-exists-3.0.0.tgz#ce0ebeaa5f78cb18925ea7d810d7b59b010fd515"
  integrity sha1-zg6+ql94yxiSXqfYENe1mwEP1RU=

path-parse@^1.0.6:
  version "1.0.6"
  resolved "https://registry.yarnpkg.com/path-parse/-/path-parse-1.0.6.tgz#d62dbb5679405d72c4737ec58600e9ddcf06d24c"
  integrity sha512-GSmOT2EbHrINBf9SR7CDELwlJ8AENk3Qn7OikK4nFYAu3Ote2+JYNVvkpAEQm3/TLNEJFD/xZJjzyxg3KBWOzw==

pify@^3.0.0:
  version "3.0.0"
  resolved "https://registry.yarnpkg.com/pify/-/pify-3.0.0.tgz#e5a4acd2c101fdf3d9a4d07f0dbc4db49dd28176"
  integrity sha1-5aSs0sEB/fPZpNB/DbxNtJ3SgXY=

postcss-modules-extract-imports@^2.0.0:
  version "2.0.0"
  resolved "https://registry.yarnpkg.com/postcss-modules-extract-imports/-/postcss-modules-extract-imports-2.0.0.tgz#818719a1ae1da325f9832446b01136eeb493cd7e"
  integrity sha512-LaYLDNS4SG8Q5WAWqIJgdHPJrDDr/Lv775rMBFUbgjTz6j34lUznACHcdRWroPvXANP2Vj7yNK57vp9eFqzLWQ==
  dependencies:
    postcss "^7.0.5"

postcss-modules-local-by-default@^3.0.2:
  version "3.0.2"
  resolved "https://registry.yarnpkg.com/postcss-modules-local-by-default/-/postcss-modules-local-by-default-3.0.2.tgz#e8a6561be914aaf3c052876377524ca90dbb7915"
  integrity sha512-jM/V8eqM4oJ/22j0gx4jrp63GSvDH6v86OqyTHHUvk4/k1vceipZsaymiZ5PvocqZOl5SFHiFJqjs3la0wnfIQ==
  dependencies:
    icss-utils "^4.1.1"
    postcss "^7.0.16"
    postcss-selector-parser "^6.0.2"
    postcss-value-parser "^4.0.0"

postcss-modules-scope@^2.2.0:
  version "2.2.0"
  resolved "https://registry.yarnpkg.com/postcss-modules-scope/-/postcss-modules-scope-2.2.0.tgz#385cae013cc7743f5a7d7602d1073a89eaae62ee"
  integrity sha512-YyEgsTMRpNd+HmyC7H/mh3y+MeFWevy7V1evVhJWewmMbjDHIbZbOXICC2y+m1xI1UVfIT1HMW/O04Hxyu9oXQ==
  dependencies:
    postcss "^7.0.6"
    postcss-selector-parser "^6.0.0"

postcss-modules-values@^3.0.0:
  version "3.0.0"
  resolved "https://registry.yarnpkg.com/postcss-modules-values/-/postcss-modules-values-3.0.0.tgz#5b5000d6ebae29b4255301b4a3a54574423e7f10"
  integrity sha512-1//E5jCBrZ9DmRX+zCtmQtRSV6PV42Ix7Bzj9GbwJceduuf7IqP8MgeTXuRDHOWj2m0VzZD5+roFWDuU8RQjcg==
  dependencies:
    icss-utils "^4.0.0"
    postcss "^7.0.6"

postcss-selector-parser@^6.0.0, postcss-selector-parser@^6.0.2:
  version "6.0.2"
  resolved "https://registry.yarnpkg.com/postcss-selector-parser/-/postcss-selector-parser-6.0.2.tgz#934cf799d016c83411859e09dcecade01286ec5c"
  integrity sha512-36P2QR59jDTOAiIkqEprfJDsoNrvwFei3eCqKd1Y0tUsBimsq39BLp7RD+JWny3WgB1zGhJX8XVePwm9k4wdBg==
  dependencies:
    cssesc "^3.0.0"
    indexes-of "^1.0.1"
    uniq "^1.0.1"

postcss-value-parser@^4.0.0, postcss-value-parser@^4.1.0:
  version "4.1.0"
  resolved "https://registry.yarnpkg.com/postcss-value-parser/-/postcss-value-parser-4.1.0.tgz#443f6a20ced6481a2bda4fa8532a6e55d789a2cb"
  integrity sha512-97DXOFbQJhk71ne5/Mt6cOu6yxsSfM0QGQyl0L25Gca4yGWEGJaig7l7gbCX623VqTBNGLRLaVUCnNkcedlRSQ==
  
websocket-extensions@>=0.1.1:
  version "0.1.4"
  resolved "https://registry.yarnpkg.com/websocket-extensions/-/websocket-extensions-0.1.4.tgz#7f8473bc839dfd87608adb95d7eb075211578a42"
  integrity sha512-OqedPIGOfsDlo31UNwYbCFMSaO9m9G/0faIHj5/dZFDMFqPTcx6UwqyOy3COEaEOg/9VsGIpdqn62W5KhoKSpg==

postcss@^7.0.14, postcss@^7.0.16, postcss@^7.0.32, postcss@^7.0.5, postcss@^7.0.6:
  version "7.0.32"
  resolved "https://registry.yarnpkg.com/postcss/-/postcss-7.0.32.tgz#4310d6ee347053da3433db2be492883d62cec59d"
  integrity sha512-03eXong5NLnNCD05xscnGKGDZ98CyzoqPSMjOe6SuoQY7Z2hIj0Ld1g/O/UQRuOle2aRtiIRDg9tDcTGAkLfKw==
  dependencies:
    chalk "^2.4.2"
    source-map "^0.6.1"
    supports-color "^6.1.0"

prop-types@^15.5.8, prop-types@^15.6.2:
  version "15.7.2"
  resolved "https://registry.yarnpkg.com/prop-types/-/prop-types-15.7.2.tgz#52c41e75b8c87e72b9d9360e0206b99dcbffa6c5"
  integrity sha512-8QQikdH7//R2vurIJSutZ1smHYTcLpRWEOlHnzcWHmBYrOGUysKwSsrC89BCiFj3CbrfJ/nXFdJepOVrY1GCHQ==
  dependencies:
    loose-envify "^1.4.0"
    object-assign "^4.1.1"
    react-is "^16.8.1"

punycode@^2.1.0:
  version "2.1.1"
  resolved "https://registry.yarnpkg.com/punycode/-/punycode-2.1.1.tgz#b58b010ac40c22c5657616c8d2c2c02c7bf479ec"
  integrity sha512-XRsRjdf+j5ml+y/6GKHPZbrF/8p2Yga0JPtdqTIY2Xe5ohJPD9saDJJLPvp9+NSBprVvevdXZybnj2cv8OEd0A==

pure-react-carousel@^1.27.1:
  version "1.27.1"
  resolved "https://registry.yarnpkg.com/pure-react-carousel/-/pure-react-carousel-1.27.1.tgz#33cab58c141a75b138d1715c84369e6f523b37d7"
  integrity sha512-FAWT9xGzktXBokOmHNxuTY4KzJOyZFtOpU725aPB71yThB/STuVqZXP/WYnG/Uzp2ydbas2HfaFHGAXKy/0ezQ==
  dependencies:
    "@babel/runtime" "^7.5.5"
    deep-freeze "0.0.1"
    deepmerge "^2.2.1"
    equals "^1.0.5"
    prop-types "^15.6.2"

react-emoji-render@^1.2.4:
  version "1.2.4"
  resolved "https://registry.yarnpkg.com/react-emoji-render/-/react-emoji-render-1.2.4.tgz#fa3542a692e1eed3236f0f12b8e3a61b2818e2c2"
  integrity sha512-AqktVXV38uDpgf02BoCXrzLYFsHAsxfdWwjrLexSJ22l1JgB01y1KejjxW/zTuCzod6O7BZfiMS866LEEfMHmA==
  dependencies:
    classnames "^2.2.5"
    emoji-regex "^6.4.1"
    lodash.flatten "^4.4.0"
    prop-types "^15.5.8"
    string-replace-to-array "^1.0.1"

react-is@^16.8.1:
  version "16.13.1"
  resolved "https://registry.yarnpkg.com/react-is/-/react-is-16.13.1.tgz#789729a4dc36de2999dc156dd6c1d9c18cea56a4"
  integrity sha512-24e6ynE2H+OKt4kqsOvNd8kBpV65zoxbA4BVsEOB3ARVWQki/DHzaUoC5KuON/BiccDaCCTZBuOcfZs70kR8bQ==

read-pkg@^4.0.1:
  version "4.0.1"
  resolved "https://registry.yarnpkg.com/read-pkg/-/read-pkg-4.0.1.tgz#963625378f3e1c4d48c85872b5a6ec7d5d093237"
  integrity sha1-ljYlN48+HE1IyFhytabsfV0JMjc=
  dependencies:
    normalize-package-data "^2.3.2"
    parse-json "^4.0.0"
    pify "^3.0.0"

regenerator-runtime@^0.13.4:
  version "0.13.5"
  resolved "https://registry.yarnpkg.com/regenerator-runtime/-/regenerator-runtime-0.13.5.tgz#d878a1d094b4306d10b9096484b33ebd55e26697"
  integrity sha512-ZS5w8CpKFinUzOwW3c83oPeVXoNsrLsaCoLtJvAClH135j/R77RuymhiSErhm2lKcwSCIpmvIWSbDkIfAqKQlA==

require-directory@^2.1.1:
  version "2.1.1"
  resolved "https://registry.yarnpkg.com/require-directory/-/require-directory-2.1.1.tgz#8c64ad5fd30dab1c976e2344ffe7f792a6a6df42"
  integrity sha1-jGStX9MNqxyXbiNE/+f3kqam30I=

require-main-filename@^2.0.0:
  version "2.0.0"
  resolved "https://registry.yarnpkg.com/require-main-filename/-/require-main-filename-2.0.0.tgz#d0b329ecc7cc0f61649f62215be69af54aa8989b"
  integrity sha512-NKN5kMDylKuldxYLSUfrbo5Tuzh4hd+2E8NPPX02mZtn1VuREQToYe/ZdlJy+J3uCpfaiGF05e7B8W0iXbQHmg==

resolve@^1.10.0:
  version "1.17.0"
  resolved "https://registry.yarnpkg.com/resolve/-/resolve-1.17.0.tgz#b25941b54968231cc2d1bb76a79cb7f2c0bf8444"
  integrity sha512-ic+7JYiV8Vi2yzQGFWOkiZD5Z9z7O2Zhm9XMaTxdJExKasieFCr+yXZ/WmXsckHiKl12ar0y6XiXDx3m4RHn1w==
  dependencies:
    path-parse "^1.0.6"

rxjs@^6.5.2:
  version "6.6.0"
  resolved "https://registry.yarnpkg.com/rxjs/-/rxjs-6.6.0.tgz#af2901eedf02e3a83ffa7f886240ff9018bbec84"
  integrity sha512-3HMA8z/Oz61DUHe+SdOiQyzIf4tOx5oQHmMir7IZEu6TMqCLHT4LRcmNaUS0NwOz8VLvmmBduMsoaUvMaIiqzg==
  dependencies:
    tslib "^1.9.0"

schema-utils@^2.7.0:
  version "2.7.0"
  resolved "https://registry.yarnpkg.com/schema-utils/-/schema-utils-2.7.0.tgz#17151f76d8eae67fbbf77960c33c676ad9f4efc7"
  integrity sha512-0ilKFI6QQF5nxDZLFn2dMjvc4hjg/Wkg7rHd3jK6/A4a1Hl9VFdQWvgB1UMGoU94pad1P/8N7fMcEnLnSiju8A==
  dependencies:
    "@types/json-schema" "^7.0.4"
    ajv "^6.12.2"
    ajv-keywords "^3.4.1"

"semver@2 || 3 || 4 || 5":
  version "5.7.1"
  resolved "https://registry.yarnpkg.com/semver/-/semver-5.7.1.tgz#a954f931aeba508d307bbf069eff0c01c96116f7"
  integrity sha512-sauaDf/PZdVgrLTNYHRtpXa1iRiKcaebiKQ1BJdpQlWH2lCvexQdX55snPFyK7QzpudqbCI0qXFfOasHdyNDGQ==

semver@^6.3.0:
  version "6.3.0"
  resolved "https://registry.yarnpkg.com/semver/-/semver-6.3.0.tgz#ee0a64c8af5e8ceea67687b133761e1becbd1d3d"
  integrity sha512-b39TBaTSfV6yBrapU89p5fKekE2m/NwnDocOVruQFS1/veMgdzuPcnOM34M6CwxW8jH/lxEa5rBoDeUwu5HHTw==

set-blocking@^2.0.0:
  version "2.0.0"
  resolved "https://registry.yarnpkg.com/set-blocking/-/set-blocking-2.0.0.tgz#045f9782d011ae9a6803ddd382b24392b3d890f7"
  integrity sha1-BF+XgtARrppoA93TgrJDkrPYkPc=

source-map@^0.6.1:
  version "0.6.1"
  resolved "https://registry.yarnpkg.com/source-map/-/source-map-0.6.1.tgz#74722af32e9614e9c287a8d0bbde48b5e2f1a263"
  integrity sha512-UjgapumWlbMhkBgzT7Ykc5YXUT46F0iKu8SGXq0bcwP5dz/h0Plj6enJqjz1Zbq2l5WaqYnrVbwWOWMyF3F47g==

spawn-command@^0.0.2-1:
  version "0.0.2-1"
  resolved "https://registry.yarnpkg.com/spawn-command/-/spawn-command-0.0.2-1.tgz#62f5e9466981c1b796dc5929937e11c9c6921bd0"
  integrity sha1-YvXpRmmBwbeW3Fkpk34RycaSG9A=

spdx-correct@^3.0.0:
  version "3.1.1"
  resolved "https://registry.yarnpkg.com/spdx-correct/-/spdx-correct-3.1.1.tgz#dece81ac9c1e6713e5f7d1b6f17d468fa53d89a9"
  integrity sha512-cOYcUWwhCuHCXi49RhFRCyJEK3iPj1Ziz9DpViV3tbZOwXD49QzIN3MpOLJNxh2qwq2lJJZaKMVw9qNi4jTC0w==
  dependencies:
    spdx-expression-parse "^3.0.0"
    spdx-license-ids "^3.0.0"

spdx-exceptions@^2.1.0:
  version "2.3.0"
  resolved "https://registry.yarnpkg.com/spdx-exceptions/-/spdx-exceptions-2.3.0.tgz#3f28ce1a77a00372683eade4a433183527a2163d"
  integrity sha512-/tTrYOC7PPI1nUAgx34hUpqXuyJG+DTHJTnIULG4rDygi4xu/tfgmq1e1cIRwRzwZgo4NLySi+ricLkZkw4i5A==

spdx-expression-parse@^3.0.0:
  version "3.0.1"
  resolved "https://registry.yarnpkg.com/spdx-expression-parse/-/spdx-expression-parse-3.0.1.tgz#cf70f50482eefdc98e3ce0a6833e4a53ceeba679"
  integrity sha512-cbqHunsQWnJNE6KhVSMsMeH5H/L9EpymbzqTQ3uLwNCLZ1Q481oWaofqH7nO6V07xlXwY6PhQdQ2IedWx/ZK4Q==
  dependencies:
    spdx-exceptions "^2.1.0"
    spdx-license-ids "^3.0.0"

spdx-license-ids@^3.0.0:
  version "3.0.5"
  resolved "https://registry.yarnpkg.com/spdx-license-ids/-/spdx-license-ids-3.0.5.tgz#3694b5804567a458d3c8045842a6358632f62654"
  integrity sha512-J+FWzZoynJEXGphVIS+XEh3kFSjZX/1i9gFBaWQcB+/tmpe2qUsSBABpcxqxnAxFdiUFEgAX1bjYGQvIZmoz9Q==

string-replace-to-array@^1.0.1:
  version "1.0.3"
  resolved "https://registry.yarnpkg.com/string-replace-to-array/-/string-replace-to-array-1.0.3.tgz#c93eba999a5ee24d731aebbaf5aba36b5f18f7bf"
  integrity sha1-yT66mZpe4k1zGuu69auja18Y978=
  dependencies:
    invariant "^2.2.1"
    lodash.flatten "^4.2.0"
    lodash.isstring "^4.0.1"

string-width@^3.0.0, string-width@^3.1.0:
  version "3.1.0"
  resolved "https://registry.yarnpkg.com/string-width/-/string-width-3.1.0.tgz#22767be21b62af1081574306f69ac51b62203961"
  integrity sha512-vafcv6KjVZKSgz06oM/H6GDBrAtz8vdhQakGjFIvNrHA6y3HCF1CInLy+QLq8dTJPQ1b+KDUqDFctkdRW44e1w==
  dependencies:
    emoji-regex "^7.0.1"
    is-fullwidth-code-point "^2.0.0"
    strip-ansi "^5.1.0"

strip-ansi@^5.0.0, strip-ansi@^5.1.0, strip-ansi@^5.2.0:
  version "5.2.0"
  resolved "https://registry.yarnpkg.com/strip-ansi/-/strip-ansi-5.2.0.tgz#8c9a536feb6afc962bdfa5b104a5091c1ad9c0ae"
  integrity sha512-DuRs1gKbBqsMKIZlrffwlug8MHkcnpjs5VPmL1PAh+mA30U0DTotfDZ0d2UUsXpPmPmMMJ6W773MaA3J+lbiWA==
  dependencies:
    ansi-regex "^4.1.0"

supports-color@^5.3.0:
  version "5.5.0"
  resolved "https://registry.yarnpkg.com/supports-color/-/supports-color-5.5.0.tgz#e2e69a44ac8772f78a1ec0b35b689df6530efc8f"
  integrity sha512-QjVjwdXIt408MIiAqCX4oUKsgU2EqAGzs2Ppkm4aQYbjm+ZEWEcW4SfFNTr4uMNZma0ey4f5lgLrkB0aX0QMow==
  dependencies:
    has-flag "^3.0.0"

supports-color@^6.1.0:
  version "6.1.0"
  resolved "https://registry.yarnpkg.com/supports-color/-/supports-color-6.1.0.tgz#0764abc69c63d5ac842dd4867e8d025e880df8f3"
  integrity sha512-qe1jfm1Mg7Nq/NSh6XE24gPXROEVsWHxC1LIx//XNlD9iw7YZQGjZNjYN7xGaEG6iKdA8EtNFW6R0gjnVXp+wQ==
  dependencies:
    has-flag "^3.0.0"

tree-kill@^1.2.2:
  version "1.2.2"
  resolved "https://registry.yarnpkg.com/tree-kill/-/tree-kill-1.2.2.tgz#4ca09a9092c88b73a7cdc5e8a01b507b0790a0cc"
  integrity sha512-L0Orpi8qGpRG//Nd+H90vFB+3iHnue1zSSGmNOOCh1GLJ7rUKVwV2HvijphGQS2UmhUZewS9VgvxYIdgr+fG1A==

tslib@^1.9.0:
  version "1.13.0"
  resolved "https://registry.yarnpkg.com/tslib/-/tslib-1.13.0.tgz#c881e13cc7015894ed914862d276436fa9a47043"
  integrity sha512-i/6DQjL8Xf3be4K/E6Wgpekn5Qasl1usyw++dAA35Ue5orEn65VIxOA+YvNNl9HV3qv70T7CNwjODHZrLwvd1Q==

uniq@^1.0.1:
  version "1.0.1"
  resolved "https://registry.yarnpkg.com/uniq/-/uniq-1.0.1.tgz#b31c5ae8254844a3a8281541ce2b04b865a734ff"
  integrity sha1-sxxa6CVIRKOoKBVBzisEuGWnNP8=

uri-js@^4.2.2:
  version "4.2.2"
  resolved "https://registry.yarnpkg.com/uri-js/-/uri-js-4.2.2.tgz#94c540e1ff772956e2299507c010aea6c8838eb0"
  integrity sha512-KY9Frmirql91X2Qgjry0Wd4Y+YTdrdZheS8TFwvkbLWf/G5KNJDCh6pKL5OZctEW4+0Baa5idK2ZQuELRwPznQ==
  dependencies:
    punycode "^2.1.0"

validate-npm-package-license@^3.0.1:
  version "3.0.4"
  resolved "https://registry.yarnpkg.com/validate-npm-package-license/-/validate-npm-package-license-3.0.4.tgz#fc91f6b9c7ba15c857f4cb2c5defeec39d4f410a"
  integrity sha512-DpKm2Ui/xN7/HQKCtpZxoRWBhZ9Z0kqtygG8XCgNQ8ZlDnxuQmWhj566j8fN4Cu3/JmbhsDo7fcAJq4s9h27Ew==
  dependencies:
    spdx-correct "^3.0.0"
    spdx-expression-parse "^3.0.0"

which-module@^2.0.0:
  version "2.0.0"
  resolved "https://registry.yarnpkg.com/which-module/-/which-module-2.0.0.tgz#d9ef07dce77b9902b8a3a8fa4b31c3e3f7e6e87a"
  integrity sha1-2e8H3Od7mQK4o6j6SzHD4/fm6Ho=

wrap-ansi@^5.1.0:
  version "5.1.0"
  resolved "https://registry.yarnpkg.com/wrap-ansi/-/wrap-ansi-5.1.0.tgz#1fd1f67235d5b6d0fee781056001bfb694c03b09"
  integrity sha512-QC1/iN/2/RPVJ5jYK8BGttj5z83LmSKmvbvrXPNCLZSEb32KKVDJDl/MOt2N01qU2H/FkzEa9PKto1BqDjtd7Q==
  dependencies:
    ansi-styles "^3.2.0"
    string-width "^3.0.0"
    strip-ansi "^5.0.0"

y18n@^4.0.0:
  version "4.0.0"
  resolved "https://registry.yarnpkg.com/y18n/-/y18n-4.0.0.tgz#95ef94f85ecc81d007c264e190a120f0a3c8566b"
  integrity sha512-r9S/ZyXu/Xu9q1tYlpsLIsa3EeLXXk0VwlxqTcFRfg9EhMW+17kbt9G0NrgCmhGb5vT2hyhJZLfDGx+7+5Uj/w==

yargs-parser@^13.1.2:
  version "13.1.2"
  resolved "https://registry.yarnpkg.com/yargs-parser/-/yargs-parser-13.1.2.tgz#130f09702ebaeef2650d54ce6e3e5706f7a4fb38"
  integrity sha512-3lbsNRf/j+A4QuSZfDRA7HRSfWrzO0YjqTJd5kjAq37Zep1CEgaYmrH9Q3GwPiB9cHyd1Y1UwggGhJGoxipbzg==
  dependencies:
    camelcase "^5.0.0"
    decamelize "^1.2.0"

yargs@^13.3.0:
  version "13.3.2"
  resolved "https://registry.yarnpkg.com/yargs/-/yargs-13.3.2.tgz#ad7ffefec1aa59565ac915f82dccb38a9c31a2dd"
  integrity sha512-AX3Zw5iPruN5ie6xGRIDgqkT+ZhnRlZMLMHAs8tg7nRruy2Nb+i5o9bwghAogtM08q1dpr2LVoS8KSTMYpWXUw==
  dependencies:
    cliui "^5.0.0"
    find-up "^3.0.0"
    get-caller-file "^2.0.1"
    require-directory "^2.1.1"
    require-main-filename "^2.0.0"
    set-blocking "^2.0.0"
    string-width "^3.0.0"
    which-module "^2.0.0"
    y18n "^4.0.0"
    yargs-parser "^13.1.2"
